
Microsoft Visual Studio Solution File, Format Version 12.00
# Visual Studio Version 17
VisualStudioVersion = 17.5.002.0
MinimumVisualStudioVersion = 10.0.40219.1
Project("{9A19103F-16F7-4668-BE54-9A1E7A4F7556}") = "DemoRepo", "DemoRepo.csproj", "{5E2E87E4-A35B-4781-A761-6ED1F222B06F}"
EndProject
Global
	GlobalSection(SolutionConfigurationPlatforms) = preSolution
		Debug|Any CPU = Debug|Any CPU
		Release|Any CPU = Release|Any CPU
	EndGlobalSection
	GlobalSection(ProjectConfigurationPlatforms) = postSolution
		{5E2E87E4-A35B-4781-A761-6ED1F222B06F}.Debug|Any CPU.ActiveCfg = Debug|Any CPU
		{5E2E87E4-A35B-4781-A761-6ED1F222B06F}.Debug|Any CPU.Build.0 = Debug|Any CPU
		{5E2E87E4-A35B-4781-A761-6ED1F222B06F}.Release|Any CPU.ActiveCfg = Release|Any CPU
		{5E2E87E4-A35B-4781-A761-6ED1F222B06F}.Release|Any CPU.Build.0 = Release|Any CPU
	EndGlobalSection
	GlobalSection(SolutionProperties) = preSolution
		HideSolutionNode = FALSE
	EndGlobalSection
	GlobalSection(ExtensibilityGlobals) = postSolution
		SolutionGuid = {EF5250D5-8460-4B61-AFB1-16856DA6E464}
	EndGlobalSection
EndGlobal
